
Microsoft Visual Studio Solution File, Format Version 12.00
# Visual Studio Version 17
VisualStudioVersion = 17.10.34928.147
MinimumVisualStudioVersion = 10.0.40219.1
Project("{FAE04EC0-301F-11D3-BF4B-00C04F79EFBC}") = "StringPractises", "StringPractises\StringPractises.csproj", "{692F2B89-0F87-407D-A335-02E97FAB1896}"
EndProject
Global
	GlobalSection(SolutionConfigurationPlatforms) = preSolution
		Debug|Any CPU = Debug|Any CPU
		Release|Any CPU = Release|Any CPU
	EndGlobalSection
	GlobalSection(ProjectConfigurationPlatforms) = postSolution
		{692F2B89-0F87-407D-A335-02E97FAB1896}.Debug|Any CPU.ActiveCfg = Debug|Any CPU
		{692F2B89-0F87-407D-A335-02E97FAB1896}.Debug|Any CPU.Build.0 = Debug|Any CPU
		{692F2B89-0F87-407D-A335-02E97FAB1896}.Release|Any CPU.ActiveCfg = Release|Any CPU
		{692F2B89-0F87-407D-A335-02E97FAB1896}.Release|Any CPU.Build.0 = Release|Any CPU
	EndGlobalSection
	GlobalSection(SolutionProperties) = preSolution
		HideSolutionNode = FALSE
	EndGlobalSection
	GlobalSection(ExtensibilityGlobals) = postSolution
		SolutionGuid = {B8F22C8D-90C8-4A06-9DFA-D5FD8F3AC786}
	EndGlobalSection
EndGlobal
